
Microsoft Visual Studio Solution File, Format Version 12.00
# Visual Studio Version 17
VisualStudioVersion = 17.5.002.0
MinimumVisualStudioVersion = 10.0.40219.1
Project("{9A19103F-16F7-4668-BE54-9A1E7A4F7556}") = "Part 1", "Part 1.csproj", "{36AD0FC7-6E0F-44F9-BD75-4A4BE90AB0F0}"
EndProject
Global
	GlobalSection(SolutionConfigurationPlatforms) = preSolution
		Debug|Any CPU = Debug|Any CPU
		Release|Any CPU = Release|Any CPU
	EndGlobalSection
	GlobalSection(ProjectConfigurationPlatforms) = postSolution
		{36AD0FC7-6E0F-44F9-BD75-4A4BE90AB0F0}.Debug|Any CPU.ActiveCfg = Debug|Any CPU
		{36AD0FC7-6E0F-44F9-BD75-4A4BE90AB0F0}.Debug|Any CPU.Build.0 = Debug|Any CPU
		{36AD0FC7-6E0F-44F9-BD75-4A4BE90AB0F0}.Release|Any CPU.ActiveCfg = Release|Any CPU
		{36AD0FC7-6E0F-44F9-BD75-4A4BE90AB0F0}.Release|Any CPU.Build.0 = Release|Any CPU
	EndGlobalSection
	GlobalSection(SolutionProperties) = preSolution
		HideSolutionNode = FALSE
	EndGlobalSection
	GlobalSection(ExtensibilityGlobals) = postSolution
		SolutionGuid = {2E17A14F-5F05-432B-9E8B-7679B58768EE}
	EndGlobalSection
EndGlobal
