
Microsoft Visual Studio Solution File, Format Version 12.00
# Visual Studio Version 17
VisualStudioVersion = 17.5.002.0
MinimumVisualStudioVersion = 10.0.40219.1
Project("{9A19103F-16F7-4668-BE54-9A1E7A4F7556}") = "Part 3 lanjutan", "Part 3 lanjutan.csproj", "{C2DDB772-0DB1-4DA6-8D61-B11E47400822}"
EndProject
Global
	GlobalSection(SolutionConfigurationPlatforms) = preSolution
		Debug|Any CPU = Debug|Any CPU
		Release|Any CPU = Release|Any CPU
	EndGlobalSection
	GlobalSection(ProjectConfigurationPlatforms) = postSolution
		{C2DDB772-0DB1-4DA6-8D61-B11E47400822}.Debug|Any CPU.ActiveCfg = Debug|Any CPU
		{C2DDB772-0DB1-4DA6-8D61-B11E47400822}.Debug|Any CPU.Build.0 = Debug|Any CPU
		{C2DDB772-0DB1-4DA6-8D61-B11E47400822}.Release|Any CPU.ActiveCfg = Release|Any CPU
		{C2DDB772-0DB1-4DA6-8D61-B11E47400822}.Release|Any CPU.Build.0 = Release|Any CPU
	EndGlobalSection
	GlobalSection(SolutionProperties) = preSolution
		HideSolutionNode = FALSE
	EndGlobalSection
	GlobalSection(ExtensibilityGlobals) = postSolution
		SolutionGuid = {1EAA217A-4839-42F9-A140-C2D236E74758}
	EndGlobalSection
EndGlobal
