
Microsoft Visual Studio Solution File, Format Version 12.00
# Visual Studio Version 17
VisualStudioVersion = 17.5.002.0
MinimumVisualStudioVersion = 10.0.40219.1
Project("{9A19103F-16F7-4668-BE54-9A1E7A4F7556}") = "Part 2", "Part 2.csproj", "{FC6D26D6-94D6-4F80-A3DA-6F0F4029A3FC}"
EndProject
Global
	GlobalSection(SolutionConfigurationPlatforms) = preSolution
		Debug|Any CPU = Debug|Any CPU
		Release|Any CPU = Release|Any CPU
	EndGlobalSection
	GlobalSection(ProjectConfigurationPlatforms) = postSolution
		{FC6D26D6-94D6-4F80-A3DA-6F0F4029A3FC}.Debug|Any CPU.ActiveCfg = Debug|Any CPU
		{FC6D26D6-94D6-4F80-A3DA-6F0F4029A3FC}.Debug|Any CPU.Build.0 = Debug|Any CPU
		{FC6D26D6-94D6-4F80-A3DA-6F0F4029A3FC}.Release|Any CPU.ActiveCfg = Release|Any CPU
		{FC6D26D6-94D6-4F80-A3DA-6F0F4029A3FC}.Release|Any CPU.Build.0 = Release|Any CPU
	EndGlobalSection
	GlobalSection(SolutionProperties) = preSolution
		HideSolutionNode = FALSE
	EndGlobalSection
	GlobalSection(ExtensibilityGlobals) = postSolution
		SolutionGuid = {6D1D4D2A-2F7E-48B4-B150-DDA63B1EB525}
	EndGlobalSection
EndGlobal
