
Microsoft Visual Studio Solution File, Format Version 12.00
# Visual Studio Version 17
VisualStudioVersion = 17.5.002.0
MinimumVisualStudioVersion = 10.0.40219.1
Project("{9A19103F-16F7-4668-BE54-9A1E7A4F7556}") = "Part 4", "Part 4.csproj", "{9C9F9D18-29A4-4803-9FA0-FC46DC88724F}"
EndProject
Global
	GlobalSection(SolutionConfigurationPlatforms) = preSolution
		Debug|Any CPU = Debug|Any CPU
		Release|Any CPU = Release|Any CPU
	EndGlobalSection
	GlobalSection(ProjectConfigurationPlatforms) = postSolution
		{9C9F9D18-29A4-4803-9FA0-FC46DC88724F}.Debug|Any CPU.ActiveCfg = Debug|Any CPU
		{9C9F9D18-29A4-4803-9FA0-FC46DC88724F}.Debug|Any CPU.Build.0 = Debug|Any CPU
		{9C9F9D18-29A4-4803-9FA0-FC46DC88724F}.Release|Any CPU.ActiveCfg = Release|Any CPU
		{9C9F9D18-29A4-4803-9FA0-FC46DC88724F}.Release|Any CPU.Build.0 = Release|Any CPU
	EndGlobalSection
	GlobalSection(SolutionProperties) = preSolution
		HideSolutionNode = FALSE
	EndGlobalSection
	GlobalSection(ExtensibilityGlobals) = postSolution
		SolutionGuid = {DD9CF1A8-1DE5-41C0-9071-FB5A92887810}
	EndGlobalSection
EndGlobal
