
Microsoft Visual Studio Solution File, Format Version 12.00
# Visual Studio Version 17
VisualStudioVersion = 17.5.002.0
MinimumVisualStudioVersion = 10.0.40219.1
Project("{9A19103F-16F7-4668-BE54-9A1E7A4F7556}") = "do_while", "do_while.csproj", "{748DCC82-978B-4376-B788-51A019EEA91C}"
EndProject
Global
	GlobalSection(SolutionConfigurationPlatforms) = preSolution
		Debug|Any CPU = Debug|Any CPU
		Release|Any CPU = Release|Any CPU
	EndGlobalSection
	GlobalSection(ProjectConfigurationPlatforms) = postSolution
		{748DCC82-978B-4376-B788-51A019EEA91C}.Debug|Any CPU.ActiveCfg = Debug|Any CPU
		{748DCC82-978B-4376-B788-51A019EEA91C}.Debug|Any CPU.Build.0 = Debug|Any CPU
		{748DCC82-978B-4376-B788-51A019EEA91C}.Release|Any CPU.ActiveCfg = Release|Any CPU
		{748DCC82-978B-4376-B788-51A019EEA91C}.Release|Any CPU.Build.0 = Release|Any CPU
	EndGlobalSection
	GlobalSection(SolutionProperties) = preSolution
		HideSolutionNode = FALSE
	EndGlobalSection
	GlobalSection(ExtensibilityGlobals) = postSolution
		SolutionGuid = {FEE50FE3-7039-47F4-B555-EE6545A07960}
	EndGlobalSection
EndGlobal
