
Microsoft Visual Studio Solution File, Format Version 12.00
# Visual Studio Version 17
VisualStudioVersion = 17.5.002.0
MinimumVisualStudioVersion = 10.0.40219.1
Project("{9A19103F-16F7-4668-BE54-9A1E7A4F7556}") = "Challenge Project", "Challenge Project.csproj", "{08FC7571-FE3A-43E9-B972-B6DDA4295328}"
EndProject
Global
	GlobalSection(SolutionConfigurationPlatforms) = preSolution
		Debug|Any CPU = Debug|Any CPU
		Release|Any CPU = Release|Any CPU
	EndGlobalSection
	GlobalSection(ProjectConfigurationPlatforms) = postSolution
		{08FC7571-FE3A-43E9-B972-B6DDA4295328}.Debug|Any CPU.ActiveCfg = Debug|Any CPU
		{08FC7571-FE3A-43E9-B972-B6DDA4295328}.Debug|Any CPU.Build.0 = Debug|Any CPU
		{08FC7571-FE3A-43E9-B972-B6DDA4295328}.Release|Any CPU.ActiveCfg = Release|Any CPU
		{08FC7571-FE3A-43E9-B972-B6DDA4295328}.Release|Any CPU.Build.0 = Release|Any CPU
	EndGlobalSection
	GlobalSection(SolutionProperties) = preSolution
		HideSolutionNode = FALSE
	EndGlobalSection
	GlobalSection(ExtensibilityGlobals) = postSolution
		SolutionGuid = {260CDFD3-02EB-46BF-9E68-538956A4E837}
	EndGlobalSection
EndGlobal
