
Microsoft Visual Studio Solution File, Format Version 12.00
# Visual Studio Version 17
VisualStudioVersion = 17.5.002.0
MinimumVisualStudioVersion = 10.0.40219.1
Project("{9A19103F-16F7-4668-BE54-9A1E7A4F7556}") = "do_while_2", "do_while_2.csproj", "{92CD3BC4-C603-4DD7-9A2E-8E225E3C497A}"
EndProject
Global
	GlobalSection(SolutionConfigurationPlatforms) = preSolution
		Debug|Any CPU = Debug|Any CPU
		Release|Any CPU = Release|Any CPU
	EndGlobalSection
	GlobalSection(ProjectConfigurationPlatforms) = postSolution
		{92CD3BC4-C603-4DD7-9A2E-8E225E3C497A}.Debug|Any CPU.ActiveCfg = Debug|Any CPU
		{92CD3BC4-C603-4DD7-9A2E-8E225E3C497A}.Debug|Any CPU.Build.0 = Debug|Any CPU
		{92CD3BC4-C603-4DD7-9A2E-8E225E3C497A}.Release|Any CPU.ActiveCfg = Release|Any CPU
		{92CD3BC4-C603-4DD7-9A2E-8E225E3C497A}.Release|Any CPU.Build.0 = Release|Any CPU
	EndGlobalSection
	GlobalSection(SolutionProperties) = preSolution
		HideSolutionNode = FALSE
	EndGlobalSection
	GlobalSection(ExtensibilityGlobals) = postSolution
		SolutionGuid = {1433F002-907D-4943-BA28-03B4F3333AA1}
	EndGlobalSection
EndGlobal
